<?xml version="1.0" encoding="UTF-8"?>
<Solution>
	<Configurations>
		<BuildType Name="Debug"/>
		<BuildType Name="Release"/>
		<BuildType Name="MinSizeRel"/>
		<BuildType Name="RelWithDebInfo"/>
		<Platform Name="x64"/>
	</Configurations>
	<Project Path="ALL_BUILD.vcxproj" Type="8bc9ceb8-8b4a-11d0-8d11-00a0c91bc942" Id="3672e5aa-f99f-3d24-83f0-e1adbf07a3fa" DefaultStartup="true">
		<BuildDependency Project="../ZERO_CHECK.vcxproj"/>
		<BuildDependency Project="googlemock/gmock.vcxproj"/>
		<BuildDependency Project="googlemock/gmock_main.vcxproj"/>
		<BuildDependency Project="googletest/gtest.vcxproj"/>
		<BuildDependency Project="googletest/gtest_main.vcxproj"/>
	</Project>
	<Project Path="INSTALL.vcxproj" Type="8bc9ceb8-8b4a-11d0-8d11-00a0c91bc942" Id="e361537f-a10e-31b7-9fed-3e242349f344">
		<BuildDependency Project="ALL_BUILD.vcxproj"/>
		<BuildDependency Project="../ZERO_CHECK.vcxproj"/>
		<Build Solution="Debug|*" Project="false"/>
		<Build Solution="Release|*" Project="false"/>
		<Build Solution="MinSizeRel|*" Project="false"/>
		<Build Solution="RelWithDebInfo|*" Project="false"/>
	</Project>
	<Project Path="../ZERO_CHECK.vcxproj" Type="8bc9ceb8-8b4a-11d0-8d11-00a0c91bc942" Id="c0b519fa-fa1d-352f-bf5d-57023398f4b5"/>
	<Project Path="googlemock/gmock.vcxproj" Type="8bc9ceb8-8b4a-11d0-8d11-00a0c91bc942" Id="274d863a-0ee6-3a29-beb9-eef430c8cc1f">
		<BuildDependency Project="../ZERO_CHECK.vcxproj"/>
	</Project>
	<Project Path="googlemock/gmock_main.vcxproj" Type="8bc9ceb8-8b4a-11d0-8d11-00a0c91bc942" Id="e25214c2-1cd6-3cb7-b303-f9eb5675b1b1">
		<BuildDependency Project="../ZERO_CHECK.vcxproj"/>
	</Project>
	<Project Path="googletest/gtest.vcxproj" Type="8bc9ceb8-8b4a-11d0-8d11-00a0c91bc942" Id="e98beac9-cc0d-3166-8b10-fab0a8d95343">
		<BuildDependency Project="../ZERO_CHECK.vcxproj"/>
	</Project>
	<Project Path="googletest/gtest_main.vcxproj" Type="8bc9ceb8-8b4a-11d0-8d11-00a0c91bc942" Id="649342c4-de32-3d86-8980-6d8159159689">
		<BuildDependency Project="../ZERO_CHECK.vcxproj"/>
		<BuildDependency Project="googletest/gtest.vcxproj"/>
	</Project>
</Solution>
